
Microsoft Visual Studio Solution File, Format Version 12.00
Project("{FAE04EC0-301F-11D3-BF4B-00C04F79EFBC}") = "LegacyApp", "LABO02\LegacyApp\LegacyApp.csproj", "{1F9DCA64-7903-4412-A427-822E5246E205}"
EndProject
Project("{FAE04EC0-301F-11D3-BF4B-00C04F79EFBC}") = "LegacyAppTest", "LABO02\LegacyAppTest\LegacyAppTest.csproj", "{82556EEC-D6CA-4F34-8D0C-4B43EAD51954}"
EndProject
Project("{FAE04EC0-301F-11D3-BF4B-00C04F79EFBC}") = "LegacyAppConsumer", "LABO02\LegacyAppConsumer\LegacyAppConsumer.csproj", "{CF9E181C-1BF1-4C17-8A4A-97F5BDF6008E}"
EndProject
Project("{FAE04EC0-301F-11D3-BF4B-00C04F79EFBC}") = "AnimalsApp", "LABO03\AnimalsApp\AnimalsApp.csproj", "{E58C5912-B230-4559-84BF-AE3A4964747C}"
EndProject
Project("{FAE04EC0-301F-11D3-BF4B-00C04F79EFBC}") = "AnimalsAppTest", "LABO03\AnimalsAppTest\AnimalsAppTest.csproj", "{56BA579A-3B97-47A8-B9AA-EA501746F11C}"
EndProject
Project("{FAE04EC0-301F-11D3-BF4B-00C04F79EFBC}") = "WarehouseApp", "LABO04\WarehouseApp.csproj", "{F883C22F-EFB8-4210-B7C3-F94CD3A3A541}"
EndProject
Project("{2150E333-8FDC-42A3-9474-1A3956D46DE8}") = "LABO01", "LABO01", "{0A805511-F6FC-48E7-AB07-67B4D356FBC0}"
EndProject
Project("{2150E333-8FDC-42A3-9474-1A3956D46DE8}") = "LABO02", "LABO02", "{BECA7BF3-8322-4C4F-864B-D8336AEFF8CF}"
EndProject
Project("{2150E333-8FDC-42A3-9474-1A3956D46DE8}") = "LABO03", "LABO03", "{69FB8E31-1AB8-46DC-BD35-42B8F18DD130}"
EndProject
Project("{2150E333-8FDC-42A3-9474-1A3956D46DE8}") = "LABO04", "LABO04", "{98E2B802-724E-40C7-A6B8-F2648090AF89}"
EndProject
Project("{2150E333-8FDC-42A3-9474-1A3956D46DE8}") = "KOLO_PROB", "KOLO_PROB", "{7781EDFD-86F7-4020-BA1F-1B7121551B80}"
EndProject
Project("{2150E333-8FDC-42A3-9474-1A3956D46DE8}") = "LABO05", "LABO05", "{D467F213-C68A-4D46-BE7C-89BB99B529DB}"
EndProject
Project("{FAE04EC0-301F-11D3-BF4B-00C04F79EFBC}") = "TripsApp", "LABO05\TripsApp.csproj", "{B8630700-3705-49B5-8813-9566ACBE32CD}"
EndProject
Project("{FAE04EC0-301F-11D3-BF4B-00C04F79EFBC}") = "PrescritponsApp", "KOLO_PROB\PrescritponsApp.csproj", "{E07A98D5-AB57-4566-9149-4FD8E48DEC7A}"
EndProject
Project("{FAE04EC0-301F-11D3-BF4B-00C04F79EFBC}") = "LABO01", "LABO01\LABO01.csproj", "{7CB1F95D-9B73-4563-9DE7-9014763645E1}"
EndProject
Project("{2150E333-8FDC-42A3-9474-1A3956D46DE8}") = "LINQ", "LINQ", "{74F6D2A3-3E64-4EE8-8B78-252E57161D38}"
EndProject
Project("{FAE04EC0-301F-11D3-BF4B-00C04F79EFBC}") = "LinqTutorials", "LINQ\LinqTutorials.csproj", "{E890DB05-8332-413C-81A3-1ADDDC1E69B9}"
EndProject
Project("{2150E333-8FDC-42A3-9474-1A3956D46DE8}") = "LABO06", "LABO06", "{3ED1D39C-1EF0-48B0-8543-A4F1BFF071D3}"
EndProject
Project("{FAE04EC0-301F-11D3-BF4B-00C04F79EFBC}") = "PrescriptionsApp", "LABO06\PrescriptionsApp.csproj", "{46FEEF9B-1ADC-4CDF-A896-6BD435DE84B4}"
EndProject
Global
	GlobalSection(SolutionConfigurationPlatforms) = preSolution
		Debug|Any CPU = Debug|Any CPU
		Release|Any CPU = Release|Any CPU
	EndGlobalSection
	GlobalSection(ProjectConfigurationPlatforms) = postSolution
		{1F9DCA64-7903-4412-A427-822E5246E205}.Debug|Any CPU.ActiveCfg = Debug|Any CPU
		{1F9DCA64-7903-4412-A427-822E5246E205}.Debug|Any CPU.Build.0 = Debug|Any CPU
		{1F9DCA64-7903-4412-A427-822E5246E205}.Release|Any CPU.ActiveCfg = Release|Any CPU
		{1F9DCA64-7903-4412-A427-822E5246E205}.Release|Any CPU.Build.0 = Release|Any CPU
		{82556EEC-D6CA-4F34-8D0C-4B43EAD51954}.Debug|Any CPU.ActiveCfg = Debug|Any CPU
		{82556EEC-D6CA-4F34-8D0C-4B43EAD51954}.Debug|Any CPU.Build.0 = Debug|Any CPU
		{82556EEC-D6CA-4F34-8D0C-4B43EAD51954}.Release|Any CPU.ActiveCfg = Release|Any CPU
		{82556EEC-D6CA-4F34-8D0C-4B43EAD51954}.Release|Any CPU.Build.0 = Release|Any CPU
		{CF9E181C-1BF1-4C17-8A4A-97F5BDF6008E}.Debug|Any CPU.ActiveCfg = Debug|Any CPU
		{CF9E181C-1BF1-4C17-8A4A-97F5BDF6008E}.Debug|Any CPU.Build.0 = Debug|Any CPU
		{CF9E181C-1BF1-4C17-8A4A-97F5BDF6008E}.Release|Any CPU.ActiveCfg = Release|Any CPU
		{CF9E181C-1BF1-4C17-8A4A-97F5BDF6008E}.Release|Any CPU.Build.0 = Release|Any CPU
		{E58C5912-B230-4559-84BF-AE3A4964747C}.Debug|Any CPU.ActiveCfg = Debug|Any CPU
		{E58C5912-B230-4559-84BF-AE3A4964747C}.Debug|Any CPU.Build.0 = Debug|Any CPU
		{E58C5912-B230-4559-84BF-AE3A4964747C}.Release|Any CPU.ActiveCfg = Release|Any CPU
		{E58C5912-B230-4559-84BF-AE3A4964747C}.Release|Any CPU.Build.0 = Release|Any CPU
		{56BA579A-3B97-47A8-B9AA-EA501746F11C}.Debug|Any CPU.ActiveCfg = Debug|Any CPU
		{56BA579A-3B97-47A8-B9AA-EA501746F11C}.Debug|Any CPU.Build.0 = Debug|Any CPU
		{56BA579A-3B97-47A8-B9AA-EA501746F11C}.Release|Any CPU.ActiveCfg = Release|Any CPU
		{56BA579A-3B97-47A8-B9AA-EA501746F11C}.Release|Any CPU.Build.0 = Release|Any CPU
		{F883C22F-EFB8-4210-B7C3-F94CD3A3A541}.Debug|Any CPU.ActiveCfg = Debug|Any CPU
		{F883C22F-EFB8-4210-B7C3-F94CD3A3A541}.Debug|Any CPU.Build.0 = Debug|Any CPU
		{F883C22F-EFB8-4210-B7C3-F94CD3A3A541}.Release|Any CPU.ActiveCfg = Release|Any CPU
		{F883C22F-EFB8-4210-B7C3-F94CD3A3A541}.Release|Any CPU.Build.0 = Release|Any CPU
		{B8630700-3705-49B5-8813-9566ACBE32CD}.Debug|Any CPU.ActiveCfg = Debug|Any CPU
		{B8630700-3705-49B5-8813-9566ACBE32CD}.Debug|Any CPU.Build.0 = Debug|Any CPU
		{B8630700-3705-49B5-8813-9566ACBE32CD}.Release|Any CPU.ActiveCfg = Release|Any CPU
		{B8630700-3705-49B5-8813-9566ACBE32CD}.Release|Any CPU.Build.0 = Release|Any CPU
		{E07A98D5-AB57-4566-9149-4FD8E48DEC7A}.Debug|Any CPU.ActiveCfg = Debug|Any CPU
		{E07A98D5-AB57-4566-9149-4FD8E48DEC7A}.Debug|Any CPU.Build.0 = Debug|Any CPU
		{E07A98D5-AB57-4566-9149-4FD8E48DEC7A}.Release|Any CPU.ActiveCfg = Release|Any CPU
		{E07A98D5-AB57-4566-9149-4FD8E48DEC7A}.Release|Any CPU.Build.0 = Release|Any CPU
		{7CB1F95D-9B73-4563-9DE7-9014763645E1}.Debug|Any CPU.ActiveCfg = Debug|Any CPU
		{7CB1F95D-9B73-4563-9DE7-9014763645E1}.Debug|Any CPU.Build.0 = Debug|Any CPU
		{7CB1F95D-9B73-4563-9DE7-9014763645E1}.Release|Any CPU.ActiveCfg = Release|Any CPU
		{7CB1F95D-9B73-4563-9DE7-9014763645E1}.Release|Any CPU.Build.0 = Release|Any CPU
		{E890DB05-8332-413C-81A3-1ADDDC1E69B9}.Debug|Any CPU.ActiveCfg = Debug|Any CPU
		{E890DB05-8332-413C-81A3-1ADDDC1E69B9}.Debug|Any CPU.Build.0 = Debug|Any CPU
		{E890DB05-8332-413C-81A3-1ADDDC1E69B9}.Release|Any CPU.ActiveCfg = Release|Any CPU
		{E890DB05-8332-413C-81A3-1ADDDC1E69B9}.Release|Any CPU.Build.0 = Release|Any CPU
		{46FEEF9B-1ADC-4CDF-A896-6BD435DE84B4}.Debug|Any CPU.ActiveCfg = Debug|Any CPU
		{46FEEF9B-1ADC-4CDF-A896-6BD435DE84B4}.Debug|Any CPU.Build.0 = Debug|Any CPU
		{46FEEF9B-1ADC-4CDF-A896-6BD435DE84B4}.Release|Any CPU.ActiveCfg = Release|Any CPU
		{46FEEF9B-1ADC-4CDF-A896-6BD435DE84B4}.Release|Any CPU.Build.0 = Release|Any CPU
	EndGlobalSection
	GlobalSection(NestedProjects) = preSolution
		{1F9DCA64-7903-4412-A427-822E5246E205} = {BECA7BF3-8322-4C4F-864B-D8336AEFF8CF}
		{CF9E181C-1BF1-4C17-8A4A-97F5BDF6008E} = {BECA7BF3-8322-4C4F-864B-D8336AEFF8CF}
		{82556EEC-D6CA-4F34-8D0C-4B43EAD51954} = {BECA7BF3-8322-4C4F-864B-D8336AEFF8CF}
		{E58C5912-B230-4559-84BF-AE3A4964747C} = {69FB8E31-1AB8-46DC-BD35-42B8F18DD130}
		{56BA579A-3B97-47A8-B9AA-EA501746F11C} = {69FB8E31-1AB8-46DC-BD35-42B8F18DD130}
		{F883C22F-EFB8-4210-B7C3-F94CD3A3A541} = {98E2B802-724E-40C7-A6B8-F2648090AF89}
		{B8630700-3705-49B5-8813-9566ACBE32CD} = {D467F213-C68A-4D46-BE7C-89BB99B529DB}
		{E07A98D5-AB57-4566-9149-4FD8E48DEC7A} = {7781EDFD-86F7-4020-BA1F-1B7121551B80}
		{7CB1F95D-9B73-4563-9DE7-9014763645E1} = {0A805511-F6FC-48E7-AB07-67B4D356FBC0}
		{E890DB05-8332-413C-81A3-1ADDDC1E69B9} = {74F6D2A3-3E64-4EE8-8B78-252E57161D38}
		{46FEEF9B-1ADC-4CDF-A896-6BD435DE84B4} = {3ED1D39C-1EF0-48B0-8543-A4F1BFF071D3}
	EndGlobalSection
EndGlobal
